Microsoft Visual Studio Solution File, Format Version 12.00
# Visual Studio 15
VisualStudioVersion = 15.0.27004.2009
MinimumVisualStudioVersion = 15.0.26124.0
Project("{9A19103F-16F7-4668-BE54-9A1E7A4F7556}") = "SharpMvt", "SharpMvt\SharpMvt.csproj", "{58962770-1ECD-45AE-996E-36B42BFF8212}"
EndProject
Project("{9A19103F-16F7-4668-BE54-9A1E7A4F7556}") = "SharpMvt.Cli", "SharpMvt.Cli\SharpMvt.Cli.csproj", "{24752A8F-CCDE-494A-80FB-0BFEA788375C}"
EndProject
Project("{9A19103F-16F7-4668-BE54-9A1E7A4F7556}") = "SharpMvt.Tests", "SharpMvt.Tests\SharpMvt.Tests.csproj", "{A4AA037C-8A46-4E01-9696-D005C8D18BBC}"
EndProject
Global
	GlobalSection(SolutionConfigurationPlatforms) = preSolution
		Debug|Any CPU = Debug|Any CPU
		Debug|x64 = Debug|x64
		Debug|x86 = Debug|x86
		Release|Any CPU = Release|Any CPU
		Release|x64 = Release|x64
		Release|x86 = Release|x86
	EndGlobalSection
	GlobalSection(ProjectConfigurationPlatforms) = postSolution
		{58962770-1ECD-45AE-996E-36B42BFF8212}.Debug|Any CPU.ActiveCfg = Debug|Any CPU
		{58962770-1ECD-45AE-996E-36B42BFF8212}.Debug|Any CPU.Build.0 = Debug|Any CPU
		{58962770-1ECD-45AE-996E-36B42BFF8212}.Debug|x64.ActiveCfg = Debug|Any CPU
		{58962770-1ECD-45AE-996E-36B42BFF8212}.Debug|x64.Build.0 = Debug|Any CPU
		{58962770-1ECD-45AE-996E-36B42BFF8212}.Debug|x86.ActiveCfg = Debug|Any CPU
		{58962770-1ECD-45AE-996E-36B42BFF8212}.Debug|x86.Build.0 = Debug|Any CPU
		{58962770-1ECD-45AE-996E-36B42BFF8212}.Release|Any CPU.ActiveCfg = Release|Any CPU
		{58962770-1ECD-45AE-996E-36B42BFF8212}.Release|Any CPU.Build.0 = Release|Any CPU
		{58962770-1ECD-45AE-996E-36B42BFF8212}.Release|x64.ActiveCfg = Release|Any CPU
		{58962770-1ECD-45AE-996E-36B42BFF8212}.Release|x64.Build.0 = Release|Any CPU
		{58962770-1ECD-45AE-996E-36B42BFF8212}.Release|x86.ActiveCfg = Release|Any CPU
		{58962770-1ECD-45AE-996E-36B42BFF8212}.Release|x86.Build.0 = Release|Any CPU
		{24752A8F-CCDE-494A-80FB-0BFEA788375C}.Debug|Any CPU.ActiveCfg = Debug|Any CPU
		{24752A8F-CCDE-494A-80FB-0BFEA788375C}.Debug|Any CPU.Build.0 = Debug|Any CPU
		{24752A8F-CCDE-494A-80FB-0BFEA788375C}.Debug|x64.ActiveCfg = Debug|Any CPU
		{24752A8F-CCDE-494A-80FB-0BFEA788375C}.Debug|x64.Build.0 = Debug|Any CPU
		{24752A8F-CCDE-494A-80FB-0BFEA788375C}.Debug|x86.ActiveCfg = Debug|Any CPU
		{24752A8F-CCDE-494A-80FB-0BFEA788375C}.Debug|x86.Build.0 = Debug|Any CPU
		{24752A8F-CCDE-494A-80FB-0BFEA788375C}.Release|Any CPU.ActiveCfg = Release|Any CPU
		{24752A8F-CCDE-494A-80FB-0BFEA788375C}.Release|Any CPU.Build.0 = Release|Any CPU
		{24752A8F-CCDE-494A-80FB-0BFEA788375C}.Release|x64.ActiveCfg = Release|Any CPU
		{24752A8F-CCDE-494A-80FB-0BFEA788375C}.Release|x64.Build.0 = Release|Any CPU
		{24752A8F-CCDE-494A-80FB-0BFEA788375C}.Release|x86.ActiveCfg = Release|Any CPU
		{24752A8F-CCDE-494A-80FB-0BFEA788375C}.Release|x86.Build.0 = Release|Any CPU
		{A4AA037C-8A46-4E01-9696-D005C8D18BBC}.Debug|Any CPU.ActiveCfg = Debug|Any CPU
		{A4AA037C-8A46-4E01-9696-D005C8D18BBC}.Debug|Any CPU.Build.0 = Debug|Any CPU
		{A4AA037C-8A46-4E01-9696-D005C8D18BBC}.Debug|x64.ActiveCfg = Debug|Any CPU
		{A4AA037C-8A46-4E01-9696-D005C8D18BBC}.Debug|x64.Build.0 = Debug|Any CPU
		{A4AA037C-8A46-4E01-9696-D005C8D18BBC}.Debug|x86.ActiveCfg = Debug|Any CPU
		{A4AA037C-8A46-4E01-9696-D005C8D18BBC}.Debug|x86.Build.0 = Debug|Any CPU
		{A4AA037C-8A46-4E01-9696-D005C8D18BBC}.Release|Any CPU.ActiveCfg = Release|Any CPU
		{A4AA037C-8A46-4E01-9696-D005C8D18BBC}.Release|Any CPU.Build.0 = Release|Any CPU
		{A4AA037C-8A46-4E01-9696-D005C8D18BBC}.Release|x64.ActiveCfg = Release|Any CPU
		{A4AA037C-8A46-4E01-9696-D005C8D18BBC}.Release|x64.Build.0 = Release|Any CPU
		{A4AA037C-8A46-4E01-9696-D005C8D18BBC}.Release|x86.ActiveCfg = Release|Any CPU
		{A4AA037C-8A46-4E01-9696-D005C8D18BBC}.Release|x86.Build.0 = Release|Any CPU
	EndGlobalSection
	GlobalSection(SolutionProperties) = preSolution
		HideSolutionNode = FALSE
	EndGlobalSection
	GlobalSection(ExtensibilityGlobals) = postSolution
		SolutionGuid = {ABBAA223-23A4-4F7B-A294-B6F9167DA0CF}
	EndGlobalSection
EndGlobal
