Microsoft Visual Studio Solution File, Format Version 12.00
# Visual Studio 15
VisualStudioVersion = 15.0.27130.2027
MinimumVisualStudioVersion = 15.0.26124.0
Project("{9A19103F-16F7-4668-BE54-9A1E7A4F7556}") = "DomainShell", "DomainShell\DomainShell.csproj", "{20BFCA62-DE54-41E6-AB20-F7A8337A1C52}"
EndProject
Project("{9A19103F-16F7-4668-BE54-9A1E7A4F7556}") = "DomainShell.Test", "DomainShell.Test\DomainShell.Test.csproj", "{6BE46C07-AD61-4202-8B9A-A21F42C60DA5}"
EndProject
Project("{FAE04EC0-301F-11D3-BF4B-00C04F79EFBC}") = "DomainShell.NET47", "DomainShell.NET47\DomainShell.NET47.csproj", "{057F0BB7-BBAD-4EA0-B3A5-9C4075B6EB4F}"
	ProjectSection(ProjectDependencies) = postProject
		{20BFCA62-DE54-41E6-AB20-F7A8337A1C52} = {20BFCA62-DE54-41E6-AB20-F7A8337A1C52}
	EndProjectSection
EndProject
Global
	GlobalSection(SolutionConfigurationPlatforms) = preSolution
		Debug|Any CPU = Debug|Any CPU
		Debug|x64 = Debug|x64
		Debug|x86 = Debug|x86
		Release|Any CPU = Release|Any CPU
		Release|x64 = Release|x64
		Release|x86 = Release|x86
	EndGlobalSection
	GlobalSection(ProjectConfigurationPlatforms) = postSolution
		{20BFCA62-DE54-41E6-AB20-F7A8337A1C52}.Debug|Any CPU.ActiveCfg = Debug|Any CPU
		{20BFCA62-DE54-41E6-AB20-F7A8337A1C52}.Debug|Any CPU.Build.0 = Debug|Any CPU
		{20BFCA62-DE54-41E6-AB20-F7A8337A1C52}.Debug|x64.ActiveCfg = Debug|Any CPU
		{20BFCA62-DE54-41E6-AB20-F7A8337A1C52}.Debug|x64.Build.0 = Debug|Any CPU
		{20BFCA62-DE54-41E6-AB20-F7A8337A1C52}.Debug|x86.ActiveCfg = Debug|Any CPU
		{20BFCA62-DE54-41E6-AB20-F7A8337A1C52}.Debug|x86.Build.0 = Debug|Any CPU
		{20BFCA62-DE54-41E6-AB20-F7A8337A1C52}.Release|Any CPU.ActiveCfg = Release|Any CPU
		{20BFCA62-DE54-41E6-AB20-F7A8337A1C52}.Release|Any CPU.Build.0 = Release|Any CPU
		{20BFCA62-DE54-41E6-AB20-F7A8337A1C52}.Release|x64.ActiveCfg = Release|Any CPU
		{20BFCA62-DE54-41E6-AB20-F7A8337A1C52}.Release|x64.Build.0 = Release|Any CPU
		{20BFCA62-DE54-41E6-AB20-F7A8337A1C52}.Release|x86.ActiveCfg = Release|Any CPU
		{20BFCA62-DE54-41E6-AB20-F7A8337A1C52}.Release|x86.Build.0 = Release|Any CPU
		{6BE46C07-AD61-4202-8B9A-A21F42C60DA5}.Debug|Any CPU.ActiveCfg = Debug|Any CPU
		{6BE46C07-AD61-4202-8B9A-A21F42C60DA5}.Debug|Any CPU.Build.0 = Debug|Any CPU
		{6BE46C07-AD61-4202-8B9A-A21F42C60DA5}.Debug|x64.ActiveCfg = Debug|Any CPU
		{6BE46C07-AD61-4202-8B9A-A21F42C60DA5}.Debug|x64.Build.0 = Debug|Any CPU
		{6BE46C07-AD61-4202-8B9A-A21F42C60DA5}.Debug|x86.ActiveCfg = Debug|Any CPU
		{6BE46C07-AD61-4202-8B9A-A21F42C60DA5}.Debug|x86.Build.0 = Debug|Any CPU
		{6BE46C07-AD61-4202-8B9A-A21F42C60DA5}.Release|Any CPU.ActiveCfg = Release|Any CPU
		{6BE46C07-AD61-4202-8B9A-A21F42C60DA5}.Release|Any CPU.Build.0 = Release|Any CPU
		{6BE46C07-AD61-4202-8B9A-A21F42C60DA5}.Release|x64.ActiveCfg = Release|Any CPU
		{6BE46C07-AD61-4202-8B9A-A21F42C60DA5}.Release|x64.Build.0 = Release|Any CPU
		{6BE46C07-AD61-4202-8B9A-A21F42C60DA5}.Release|x86.ActiveCfg = Release|Any CPU
		{6BE46C07-AD61-4202-8B9A-A21F42C60DA5}.Release|x86.Build.0 = Release|Any CPU
		{057F0BB7-BBAD-4EA0-B3A5-9C4075B6EB4F}.Debug|Any CPU.ActiveCfg = Debug|Any CPU
		{057F0BB7-BBAD-4EA0-B3A5-9C4075B6EB4F}.Debug|Any CPU.Build.0 = Debug|Any CPU
		{057F0BB7-BBAD-4EA0-B3A5-9C4075B6EB4F}.Debug|x64.ActiveCfg = Debug|Any CPU
		{057F0BB7-BBAD-4EA0-B3A5-9C4075B6EB4F}.Debug|x64.Build.0 = Debug|Any CPU
		{057F0BB7-BBAD-4EA0-B3A5-9C4075B6EB4F}.Debug|x86.ActiveCfg = Debug|Any CPU
		{057F0BB7-BBAD-4EA0-B3A5-9C4075B6EB4F}.Debug|x86.Build.0 = Debug|Any CPU
		{057F0BB7-BBAD-4EA0-B3A5-9C4075B6EB4F}.Release|Any CPU.ActiveCfg = Release|Any CPU
		{057F0BB7-BBAD-4EA0-B3A5-9C4075B6EB4F}.Release|Any CPU.Build.0 = Release|Any CPU
		{057F0BB7-BBAD-4EA0-B3A5-9C4075B6EB4F}.Release|x64.ActiveCfg = Release|Any CPU
		{057F0BB7-BBAD-4EA0-B3A5-9C4075B6EB4F}.Release|x64.Build.0 = Release|Any CPU
		{057F0BB7-BBAD-4EA0-B3A5-9C4075B6EB4F}.Release|x86.ActiveCfg = Release|Any CPU
		{057F0BB7-BBAD-4EA0-B3A5-9C4075B6EB4F}.Release|x86.Build.0 = Release|Any CPU
	EndGlobalSection
	GlobalSection(SolutionProperties) = preSolution
		HideSolutionNode = FALSE
	EndGlobalSection
	GlobalSection(ExtensibilityGlobals) = postSolution
		SolutionGuid = {D1C7E4F0-3AC9-42DD-8464-8F6AB5D5CBE7}
	EndGlobalSection
EndGlobal
