
Microsoft Visual Studio Solution File, Format Version 12.00
# Visual Studio 2013
VisualStudioVersion = 12.0.31101.0
MinimumVisualStudioVersion = 10.0.40219.1
Project("{FAE04EC0-301F-11D3-BF4B-00C04F79EFBC}") = "DomainShell", "DomainShell\DomainShell.csproj", "{63AF8772-EA46-4DDA-8424-BC4D9AEEBC14}"
EndProject
Project("{FAE04EC0-301F-11D3-BF4B-00C04F79EFBC}") = "DomainShell.Tests", "DomainShell.Tests\DomainShell.Tests.csproj", "{5CCD9FAE-4B0C-4C53-A970-FCDBF4566C1A}"
EndProject
Project("{FAE04EC0-301F-11D3-BF4B-00C04F79EFBC}") = "DomainShell.Tests.Commerce", "DomainShell.Tests.Commerce\DomainShell.Tests.Commerce.csproj", "{9592B649-EE27-4D85-B1AC-AAD44073DE28}"
EndProject
Project("{FAE04EC0-301F-11D3-BF4B-00C04F79EFBC}") = "DomainShell.Tests.Commerce.App", "DomainShell.Tests.Commerce.App\DomainShell.Tests.Commerce.App.csproj", "{F32C140B-E2CF-42B2-83D7-73A1EB062466}"
EndProject
Project("{FAE04EC0-301F-11D3-BF4B-00C04F79EFBC}") = "DomainShell.Tests.Commerce.Domain", "DomainShell.Tests.Commerce.Domain\DomainShell.Tests.Commerce.Domain.csproj", "{A8EAB756-C850-4B7B-AE99-9140D8167544}"
EndProject
Project("{FAE04EC0-301F-11D3-BF4B-00C04F79EFBC}") = "DomainShell.Tests.Commerce.Infrastructure", "DomainShell.Tests.Commerce.Infrastructure\DomainShell.Tests.Commerce.Infrastructure.csproj", "{04BF0D86-82D1-4CAB-8D4E-5DF777D9D58B}"
EndProject
Global
	GlobalSection(SolutionConfigurationPlatforms) = preSolution
		Debug|Any CPU = Debug|Any CPU
		Release|Any CPU = Release|Any CPU
	EndGlobalSection
	GlobalSection(ProjectConfigurationPlatforms) = postSolution
		{63AF8772-EA46-4DDA-8424-BC4D9AEEBC14}.Debug|Any CPU.ActiveCfg = Debug|Any CPU
		{63AF8772-EA46-4DDA-8424-BC4D9AEEBC14}.Debug|Any CPU.Build.0 = Debug|Any CPU
		{63AF8772-EA46-4DDA-8424-BC4D9AEEBC14}.Release|Any CPU.ActiveCfg = Release|Any CPU
		{63AF8772-EA46-4DDA-8424-BC4D9AEEBC14}.Release|Any CPU.Build.0 = Release|Any CPU
		{5CCD9FAE-4B0C-4C53-A970-FCDBF4566C1A}.Debug|Any CPU.ActiveCfg = Debug|Any CPU
		{5CCD9FAE-4B0C-4C53-A970-FCDBF4566C1A}.Debug|Any CPU.Build.0 = Debug|Any CPU
		{5CCD9FAE-4B0C-4C53-A970-FCDBF4566C1A}.Release|Any CPU.ActiveCfg = Release|Any CPU
		{5CCD9FAE-4B0C-4C53-A970-FCDBF4566C1A}.Release|Any CPU.Build.0 = Release|Any CPU
		{9592B649-EE27-4D85-B1AC-AAD44073DE28}.Debug|Any CPU.ActiveCfg = Debug|Any CPU
		{9592B649-EE27-4D85-B1AC-AAD44073DE28}.Debug|Any CPU.Build.0 = Debug|Any CPU
		{9592B649-EE27-4D85-B1AC-AAD44073DE28}.Release|Any CPU.ActiveCfg = Release|Any CPU
		{9592B649-EE27-4D85-B1AC-AAD44073DE28}.Release|Any CPU.Build.0 = Release|Any CPU
		{F32C140B-E2CF-42B2-83D7-73A1EB062466}.Debug|Any CPU.ActiveCfg = Debug|Any CPU
		{F32C140B-E2CF-42B2-83D7-73A1EB062466}.Debug|Any CPU.Build.0 = Debug|Any CPU
		{F32C140B-E2CF-42B2-83D7-73A1EB062466}.Release|Any CPU.ActiveCfg = Release|Any CPU
		{F32C140B-E2CF-42B2-83D7-73A1EB062466}.Release|Any CPU.Build.0 = Release|Any CPU
		{A8EAB756-C850-4B7B-AE99-9140D8167544}.Debug|Any CPU.ActiveCfg = Debug|Any CPU
		{A8EAB756-C850-4B7B-AE99-9140D8167544}.Debug|Any CPU.Build.0 = Debug|Any CPU
		{A8EAB756-C850-4B7B-AE99-9140D8167544}.Release|Any CPU.ActiveCfg = Release|Any CPU
		{A8EAB756-C850-4B7B-AE99-9140D8167544}.Release|Any CPU.Build.0 = Release|Any CPU
		{04BF0D86-82D1-4CAB-8D4E-5DF777D9D58B}.Debug|Any CPU.ActiveCfg = Debug|Any CPU
		{04BF0D86-82D1-4CAB-8D4E-5DF777D9D58B}.Debug|Any CPU.Build.0 = Debug|Any CPU
		{04BF0D86-82D1-4CAB-8D4E-5DF777D9D58B}.Release|Any CPU.ActiveCfg = Release|Any CPU
		{04BF0D86-82D1-4CAB-8D4E-5DF777D9D58B}.Release|Any CPU.Build.0 = Release|Any CPU
	EndGlobalSection
	GlobalSection(SolutionProperties) = preSolution
		HideSolutionNode = FALSE
	EndGlobalSection
EndGlobal
